
Microsoft Visual Studio Solution File, Format Version 12.00
# Visual Studio Version 17
VisualStudioVersion = 17.2.32630.192
MinimumVisualStudioVersion = 10.0.40219.1
Project("{2150E333-8FDC-42A3-9474-1A3956D46DE8}") = "Microservices", "Microservices", "{FB26F8AA-93E5-4C06-8A22-BFC46F470E92}"
EndProject
Project("{2150E333-8FDC-42A3-9474-1A3956D46DE8}") = "Domain", "Domain", "{CE9E59AC-B931-43F2-9F09-39BA9C45B04C}"
EndProject
Project("{2150E333-8FDC-42A3-9474-1A3956D46DE8}") = "Infra.Bus", "Infra.Bus", "{66B943B8-2DB3-4C80-9277-4944486BEC03}"
EndProject
Project("{2150E333-8FDC-42A3-9474-1A3956D46DE8}") = "Infra.IoC", "Infra.IoC", "{0ABBC361-C258-41D7-99E3-8BB3BE8F4893}"
EndProject
Project("{2150E333-8FDC-42A3-9474-1A3956D46DE8}") = "Presentation", "Presentation", "{6314341E-2A31-4353-9DAD-F3F1A030529A}"
EndProject
Project("{FAE04EC0-301F-11D3-BF4B-00C04F79EFBC}") = "MicroRabbit.Domain.Core", "MicroRabbit.Domain.Core\MicroRabbit.Domain.Core.csproj", "{68440662-AAFB-4C71-B1F6-9BFD529C829D}"
EndProject
Global
	GlobalSection(SolutionConfigurationPlatforms) = preSolution
		Debug|Any CPU = Debug|Any CPU
		Release|Any CPU = Release|Any CPU
	EndGlobalSection
	GlobalSection(ProjectConfigurationPlatforms) = postSolution
		{68440662-AAFB-4C71-B1F6-9BFD529C829D}.Debug|Any CPU.ActiveCfg = Debug|Any CPU
		{68440662-AAFB-4C71-B1F6-9BFD529C829D}.Debug|Any CPU.Build.0 = Debug|Any CPU
		{68440662-AAFB-4C71-B1F6-9BFD529C829D}.Release|Any CPU.ActiveCfg = Release|Any CPU
		{68440662-AAFB-4C71-B1F6-9BFD529C829D}.Release|Any CPU.Build.0 = Release|Any CPU
	EndGlobalSection
	GlobalSection(SolutionProperties) = preSolution
		HideSolutionNode = FALSE
	EndGlobalSection
	GlobalSection(NestedProjects) = preSolution
		{68440662-AAFB-4C71-B1F6-9BFD529C829D} = {CE9E59AC-B931-43F2-9F09-39BA9C45B04C}
	EndGlobalSection
	GlobalSection(ExtensibilityGlobals) = postSolution
		SolutionGuid = {931E1713-CB6F-442C-A75E-0926F3E9881B}
	EndGlobalSection
EndGlobal
